
Microsoft Visual Studio Solution File, Format Version 12.00
# Visual Studio Version 17
VisualStudioVersion = 17.6.33801.468
MinimumVisualStudioVersion = 10.0.40219.1
Project("{F184B08F-C81C-45F6-A57F-5ABD9991F28F}") = "WinFormsApp5", "WinFormsApp5\WinFormsApp5.vbproj", "{49191E83-A65B-420A-9862-88FC1BF0684D}"
EndProject
Global
	GlobalSection(SolutionConfigurationPlatforms) = preSolution
		Debug|Any CPU = Debug|Any CPU
		Release|Any CPU = Release|Any CPU
	EndGlobalSection
	GlobalSection(ProjectConfigurationPlatforms) = postSolution
		{49191E83-A65B-420A-9862-88FC1BF0684D}.Debug|Any CPU.ActiveCfg = Debug|Any CPU
		{49191E83-A65B-420A-9862-88FC1BF0684D}.Debug|Any CPU.Build.0 = Debug|Any CPU
		{49191E83-A65B-420A-9862-88FC1BF0684D}.Release|Any CPU.ActiveCfg = Release|Any CPU
		{49191E83-A65B-420A-9862-88FC1BF0684D}.Release|Any CPU.Build.0 = Release|Any CPU
	EndGlobalSection
	GlobalSection(SolutionProperties) = preSolution
		HideSolutionNode = FALSE
	EndGlobalSection
	GlobalSection(ExtensibilityGlobals) = postSolution
		SolutionGuid = {20A81690-8822-408B-A751-CE65FFDCBF30}
	EndGlobalSection
EndGlobal
